// !$*UTF8*$!
{
	archiveVersion = 1;
	classes = {
	};
	objectVersion = 56;
	objects = {

/* Begin PBXBuildFile section */
		CFD583A52AF0195D000949A6 /* AppDelegate.swift in Sources */ = {isa = PBXBuildFile; fileRef = CFD583A42AF0195D000949A6 /* AppDelegate.swift */; };
		CFD583A72AF0195D000949A6 /* SceneDelegate.swift in Sources */ = {isa = PBXBuildFile; fileRef = CFD583A62AF0195D000949A6 /* SceneDelegate.swift */; };
		CFD583AE2AF0195E000949A6 /* Assets.xcassets in Resources */ = {isa = PBXBuildFile; fileRef = CFD583AD2AF0195E000949A6 /* Assets.xcassets */; };
		CFD583B12AF0195E000949A6 /* LaunchScreen.storyboard in Resources */ = {isa = PBXBuildFile; fileRef = CFD583AF2AF0195E000949A6 /* LaunchScreen.storyboard */; };
		CFD583BB2AF019D9000949A6 /* LoginVC.swift in Sources */ = {isa = PBXBuildFile; fileRef = CFD583BA2AF019D9000949A6 /* LoginVC.swift */; };
		CFD583BE2AF019FC000949A6 /* SnapKit in Frameworks */ = {isa = PBXBuildFile; productRef = CFD583BD2AF019FC000949A6 /* SnapKit */; };
		CFD583C22AF01A35000949A6 /* UIColor+Consts.swift in Sources */ = {isa = PBXBuildFile; fileRef = CFD583C12AF01A35000949A6 /* UIColor+Consts.swift */; };
		CFD583C42AF01A42000949A6 /* UIFont+Consts.swift in Sources */ = {isa = PBXBuildFile; fileRef = CFD583C32AF01A42000949A6 /* UIFont+Consts.swift */; };
		CFD583C62AF01A53000949A6 /* UIImage+Consts.swift in Sources */ = {isa = PBXBuildFile; fileRef = CFD583C52AF01A53000949A6 /* UIImage+Consts.swift */; };
		CFD583C92AF01A7C000949A6 /* UIView+Layer.swift in Sources */ = {isa = PBXBuildFile; fileRef = CFD583C82AF01A7C000949A6 /* UIView+Layer.swift */; };
		CFD583CB2AF01A8A000949A6 /* UIView+Styles.swift in Sources */ = {isa = PBXBuildFile; fileRef = CFD583CA2AF01A8A000949A6 /* UIView+Styles.swift */; };
/* End PBXBuildFile section */

/* Begin PBXFileReference section */
		CFD583A12AF0195D000949A6 /* NOTEme.app */ = {isa = PBXFileReference; explicitFileType = wrapper.application; includeInIndex = 0; path = NOTEme.app; sourceTree = BUILT_PRODUCTS_DIR; };
		CFD583A42AF0195D000949A6 /* AppDelegate.swift */ = {isa = PBXFileReference; lastKnownFileType = sourcecode.swift; path = AppDelegate.swift; sourceTree = "<group>"; };
		CFD583A62AF0195D000949A6 /* SceneDelegate.swift */ = {isa = PBXFileReference; lastKnownFileType = sourcecode.swift; path = SceneDelegate.swift; sourceTree = "<group>"; };
		CFD583AD2AF0195E000949A6 /* Assets.xcassets */ = {isa = PBXFileReference; lastKnownFileType = folder.assetcatalog; path = Assets.xcassets; sourceTree = "<group>"; };
		CFD583B02AF0195E000949A6 /* Base */ = {isa = PBXFileReference; lastKnownFileType = file.storyboard; name = Base; path = Base.lproj/LaunchScreen.storyboard; sourceTree = "<group>"; };
		CFD583B22AF0195E000949A6 /* Info.plist */ = {isa = PBXFileReference; lastKnownFileType = text.plist.xml; path = Info.plist; sourceTree = "<group>"; };
		CFD583BA2AF019D9000949A6 /* LoginVC.swift */ = {isa = PBXFileReference; lastKnownFileType = sourcecode.swift; path = LoginVC.swift; sourceTree = "<group>"; };
		CFD583C12AF01A35000949A6 /* UIColor+Consts.swift */ = {isa = PBXFileReference; lastKnownFileType = sourcecode.swift; path = "UIColor+Consts.swift"; sourceTree = "<group>"; };
		CFD583C32AF01A42000949A6 /* UIFont+Consts.swift */ = {isa = PBXFileReference; lastKnownFileType = sourcecode.swift; path = "UIFont+Consts.swift"; sourceTree = "<group>"; };
		CFD583C52AF01A53000949A6 /* UIImage+Consts.swift */ = {isa = PBXFileReference; lastKnownFileType = sourcecode.swift; path = "UIImage+Consts.swift"; sourceTree = "<group>"; };
		CFD583C82AF01A7C000949A6 /* UIView+Layer.swift */ = {isa = PBXFileReference; lastKnownFileType = sourcecode.swift; path = "UIView+Layer.swift"; sourceTree = "<group>"; };
		CFD583CA2AF01A8A000949A6 /* UIView+Styles.swift */ = {isa = PBXFileReference; lastKnownFileType = sourcecode.swift; path = "UIView+Styles.swift"; sourceTree = "<group>"; };
/* End PBXFileReference section */

/* Begin PBXFrameworksBuildPhase section */
		CFD5839E2AF0195D000949A6 /* Frameworks */ = {
			isa = PBXFrameworksBuildPhase;
			buildActionMask = 2147483647;
			files = (
				CFD583BE2AF019FC000949A6 /* SnapKit in Frameworks */,
			);
			runOnlyForDeploymentPostprocessing = 0;
		};
/* End PBXFrameworksBuildPhase section */

/* Begin PBXGroup section */
		CFD583982AF0195D000949A6 = {
			isa = PBXGroup;
			children = (
				CFD583A32AF0195D000949A6 /* NOTEme */,
				CFD583A22AF0195D000949A6 /* Products */,
			);
			sourceTree = "<group>";
		};
		CFD583A22AF0195D000949A6 /* Products */ = {
			isa = PBXGroup;
			children = (
				CFD583A12AF0195D000949A6 /* NOTEme.app */,
			);
			name = Products;
			sourceTree = "<group>";
		};
		CFD583A32AF0195D000949A6 /* NOTEme */ = {
			isa = PBXGroup;
			children = (
				CFD583C72AF01A60000949A6 /* App */,
				CFD583BF2AF01A0A000949A6 /* Resource */,
				CFD583B82AF019C6000949A6 /* Modules */,
			);
			path = NOTEme;
			sourceTree = "<group>";
		};
		CFD583B82AF019C6000949A6 /* Modules */ = {
			isa = PBXGroup;
			children = (
				CFD583B92AF019CC000949A6 /* Auth */,
			);
			path = Modules;
			sourceTree = "<group>";
		};
		CFD583B92AF019CC000949A6 /* Auth */ = {
			isa = PBXGroup;
			children = (
				CFD583BA2AF019D9000949A6 /* LoginVC.swift */,
			);
			path = Auth;
			sourceTree = "<group>";
		};
		CFD583BF2AF01A0A000949A6 /* Resource */ = {
			isa = PBXGroup;
			children = (
				CFD583C02AF01A1E000949A6 /* Consts */,
				CFD583C82AF01A7C000949A6 /* UIView+Layer.swift */,
				CFD583CA2AF01A8A000949A6 /* UIView+Styles.swift */,
				CFD583AD2AF0195E000949A6 /* Assets.xcassets */,
			);
			path = Resource;
			sourceTree = "<group>";
		};
		CFD583C02AF01A1E000949A6 /* Consts */ = {
			isa = PBXGroup;
			children = (
				CFD583C12AF01A35000949A6 /* UIColor+Consts.swift */,
				CFD583C32AF01A42000949A6 /* UIFont+Consts.swift */,
				CFD583C52AF01A53000949A6 /* UIImage+Consts.swift */,
			);
			path = Consts;
			sourceTree = "<group>";
		};
		CFD583C72AF01A60000949A6 /* App */ = {
			isa = PBXGroup;
			children = (
				CFD583B22AF0195E000949A6 /* Info.plist */,
				CFD583AF2AF0195E000949A6 /* LaunchScreen.storyboard */,
				CFD583A42AF0195D000949A6 /* AppDelegate.swift */,
				CFD583A62AF0195D000949A6 /* SceneDelegate.swift */,
			);
			path = App;
			sourceTree = "<group>";
		};
/* End PBXGroup section */

/* Begin PBXNativeTarget section */
		CFD583A02AF0195D000949A6 /* NOTEme */ = {
			isa = PBXNativeTarget;
			buildConfigurationList = CFD583B52AF0195E000949A6 /* Build configuration list for PBXNativeTarget "NOTEme" */;
			buildPhases = (
				CFD5839D2AF0195D000949A6 /* Sources */,
				CFD5839E2AF0195D000949A6 /* Frameworks */,
				CFD5839F2AF0195D000949A6 /* Resources */,
			);
			buildRules = (
			);
			dependencies = (
			);
			name = NOTEme;
			packageProductDependencies = (
				CFD583BD2AF019FC000949A6 /* SnapKit */,
			);
			productName = NOTEme;
			productReference = CFD583A12AF0195D000949A6 /* NOTEme.app */;
			productType = "com.apple.product-type.application";
		};
/* End PBXNativeTarget section */

/* Begin PBXProject section */
		CFD583992AF0195D000949A6 /* Project object */ = {
			isa = PBXProject;
			attributes = {
				BuildIndependentTargetsInParallel = 1;
				LastSwiftUpdateCheck = 1500;
				LastUpgradeCheck = 1500;
				TargetAttributes = {
					CFD583A02AF0195D000949A6 = {
						CreatedOnToolsVersion = 15.0.1;
					};
				};
			};
			buildConfigurationList = CFD5839C2AF0195D000949A6 /* Build configuration list for PBXProject "NOTEme" */;
			compatibilityVersion = "Xcode 14.0";
			developmentRegion = en;
			hasScannedForEncodings = 0;
			knownRegions = (
				en,
				Base,
			);
			mainGroup = CFD583982AF0195D000949A6;
			packageReferences = (
				CFD583BC2AF019FC000949A6 /* XCRemoteSwiftPackageReference "SnapKit" */,
			);
			productRefGroup = CFD583A22AF0195D000949A6 /* Products */;
			projectDirPath = "";
			projectRoot = "";
			targets = (
				CFD583A02AF0195D000949A6 /* NOTEme */,
			);
		};
/* End PBXProject section */

/* Begin PBXResourcesBuildPhase section */
		CFD5839F2AF0195D000949A6 /* Resources */ = {
			isa = PBXResourcesBuildPhase;
			buildActionMask = 2147483647;
			files = (
				CFD583B12AF0195E000949A6 /* LaunchScreen.storyboard in Resources */,
				CFD583AE2AF0195E000949A6 /* Assets.xcassets in Resources */,
			);
			runOnlyForDeploymentPostprocessing = 0;
		};
/* End PBXResourcesBuildPhase section */

/* Begin PBXSourcesBuildPhase section */
		CFD5839D2AF0195D000949A6 /* Sources */ = {
			isa = PBXSourcesBuildPhase;
			buildActionMask = 2147483647;
			files = (
				CFD583A52AF0195D000949A6 /* AppDelegate.swift in Sources */,
				CFD583C42AF01A42000949A6 /* UIFont+Consts.swift in Sources */,
				CFD583C22AF01A35000949A6 /* UIColor+Consts.swift in Sources */,
				CFD583C62AF01A53000949A6 /* UIImage+Consts.swift in Sources */,
				CFD583A72AF0195D000949A6 /* SceneDelegate.swift in Sources */,
				CFD583BB2AF019D9000949A6 /* LoginVC.swift in Sources */,
				CFD583CB2AF01A8A000949A6 /* UIView+Styles.swift in Sources */,
				CFD583C92AF01A7C000949A6 /* UIView+Layer.swift in Sources */,
			);
			runOnlyForDeploymentPostprocessing = 0;
		};
/* End PBXSourcesBuildPhase section */

/* Begin PBXVariantGroup section */
		CFD583AF2AF0195E000949A6 /* LaunchScreen.storyboard */ = {
			isa = PBXVariantGroup;
			children = (
				CFD583B02AF0195E000949A6 /* Base */,
			);
			name = LaunchScreen.storyboard;
			sourceTree = "<group>";
		};
/* End PBXVariantGroup section */

/* Begin XCBuildConfiguration section */
		CFD583B32AF0195E000949A6 /* Debug */ = {
			isa = XCBuildConfiguration;
			buildSettings = {
				ALWAYS_SEARCH_USER_PATHS = NO;
				ASSETCATALOG_COMPILER_GENERATE_SWIFT_ASSET_SYMBOL_EXTENSIONS = YES;
				CLANG_ANALYZER_NONNULL = YES;
				CLANG_ANALYZER_NUMBER_OBJECT_CONVERSION = YES_AGGRESSIVE;
				CLANG_CXX_LANGUAGE_STANDARD = "gnu++20";
				CLANG_ENABLE_MODULES = YES;
				CLANG_ENABLE_OBJC_ARC = YES;
				CLANG_ENABLE_OBJC_WEAK = YES;
				CLANG_WARN_BLOCK_CAPTURE_AUTORELEASING = YES;
				CLANG_WARN_BOOL_CONVERSION = YES;
				CLANG_WARN_COMMA = YES;
				CLANG_WARN_CONSTANT_CONVERSION = YES;
				CLANG_WARN_DEPRECATED_OBJC_IMPLEMENTATIONS = YES;
				CLANG_WARN_DIRECT_OBJC_ISA_USAGE = YES_ERROR;
				CLANG_WARN_DOCUMENTATION_COMMENTS = YES;
				CLANG_WARN_EMPTY_BODY = YES;
				CLANG_WARN_ENUM_CONVERSION = YES;
				CLANG_WARN_INFINITE_RECURSION = YES;
				CLANG_WARN_INT_CONVERSION = YES;
				CLANG_WARN_NON_LITERAL_NULL_CONVERSION = YES;
				CLANG_WARN_OBJC_IMPLICIT_RETAIN_SELF = YES;
				CLANG_WARN_OBJC_LITERAL_CONVERSION = YES;
				CLANG_WARN_OBJC_ROOT_CLASS = YES_ERROR;
				CLANG_WARN_QUOTED_INCLUDE_IN_FRAMEWORK_HEADER = YES;
				CLANG_WARN_RANGE_LOOP_ANALYSIS = YES;
				CLANG_WARN_STRICT_PROTOTYPES = YES;
				CLANG_WARN_SUSPICIOUS_MOVE = YES;
				CLANG_WARN_UNGUARDED_AVAILABILITY = YES_AGGRESSIVE;
				CLANG_WARN_UNREACHABLE_CODE = YES;
				CLANG_WARN__DUPLICATE_METHOD_MATCH = YES;
				COPY_PHASE_STRIP = NO;
				DEBUG_INFORMATION_FORMAT = dwarf;
				ENABLE_STRICT_OBJC_MSGSEND = YES;
				ENABLE_TESTABILITY = YES;
				ENABLE_USER_SCRIPT_SANDBOXING = YES;
				GCC_C_LANGUAGE_STANDARD = gnu17;
				GCC_DYNAMIC_NO_PIC = NO;
				GCC_NO_COMMON_BLOCKS = YES;
				GCC_OPTIMIZATION_LEVEL = 0;
				GCC_PREPROCESSOR_DEFINITIONS = (
					"DEBUG=1",
					"$(inherited)",
				);
				GCC_WARN_64_TO_32_BIT_CONVERSION = YES;
				GCC_WARN_ABOUT_RETURN_TYPE = YES_ERROR;
				GCC_WARN_UNDECLARED_SELECTOR = YES;
				GCC_WARN_UNINITIALIZED_AUTOS = YES_AGGRESSIVE;
				GCC_WARN_UNUSED_FUNCTION = YES;
				GCC_WARN_UNUSED_VARIABLE = YES;
				IPHONEOS_DEPLOYMENT_TARGET = 17.0;
				LOCALIZATION_PREFERS_STRING_CATALOGS = YES;
				MTL_ENABLE_DEBUG_INFO = INCLUDE_SOURCE;
				MTL_FAST_MATH = YES;
				ONLY_ACTIVE_ARCH = YES;
				SDKROOT = iphoneos;
				SWIFT_ACTIVE_COMPILATION_CONDITIONS = "DEBUG $(inherited)";
				SWIFT_OPTIMIZATION_LEVEL = "-Onone";
			};
			name = Debug;
		};
		CFD583B42AF0195E000949A6 /* Release */ = {
			isa = XCBuildConfiguration;
			buildSettings = {
				ALWAYS_SEARCH_USER_PATHS = NO;
				ASSETCATALOG_COMPILER_GENERATE_SWIFT_ASSET_SYMBOL_EXTENSIONS = YES;
				CLANG_ANALYZER_NONNULL = YES;
				CLANG_ANALYZER_NUMBER_OBJECT_CONVERSION = YES_AGGRESSIVE;
				CLANG_CXX_LANGUAGE_STANDARD = "gnu++20";
				CLANG_ENABLE_MODULES = YES;
				CLANG_ENABLE_OBJC_ARC = YES;
				CLANG_ENABLE_OBJC_WEAK = YES;
				CLANG_WARN_BLOCK_CAPTURE_AUTORELEASING = YES;
				CLANG_WARN_BOOL_CONVERSION = YES;
				CLANG_WARN_COMMA = YES;
				CLANG_WARN_CONSTANT_CONVERSION = YES;
				CLANG_WARN_DEPRECATED_OBJC_IMPLEMENTATIONS = YES;
				CLANG_WARN_DIRECT_OBJC_ISA_USAGE = YES_ERROR;
				CLANG_WARN_DOCUMENTATION_COMMENTS = YES;
				CLANG_WARN_EMPTY_BODY = YES;
				CLANG_WARN_ENUM_CONVERSION = YES;
				CLANG_WARN_INFINITE_RECURSION = YES;
				CLANG_WARN_INT_CONVERSION = YES;
				CLANG_WARN_NON_LITERAL_NULL_CONVERSION = YES;
				CLANG_WARN_OBJC_IMPLICIT_RETAIN_SELF = YES;
				CLANG_WARN_OBJC_LITERAL_CONVERSION = YES;
				CLANG_WARN_OBJC_ROOT_CLASS = YES_ERROR;
				CLANG_WARN_QUOTED_INCLUDE_IN_FRAMEWORK_HEADER = YES;
				CLANG_WARN_RANGE_LOOP_ANALYSIS = YES;
				CLANG_WARN_STRICT_PROTOTYPES = YES;
				CLANG_WARN_SUSPICIOUS_MOVE = YES;
				CLANG_WARN_UNGUARDED_AVAILABILITY = YES_AGGRESSIVE;
				CLANG_WARN_UNREACHABLE_CODE = YES;
				CLANG_WARN__DUPLICATE_METHOD_MATCH = YES;
				COPY_PHASE_STRIP = NO;
				DEBUG_INFORMATION_FORMAT = "dwarf-with-dsym";
				ENABLE_NS_ASSERTIONS = NO;
				ENABLE_STRICT_OBJC_MSGSEND = YES;
				ENABLE_USER_SCRIPT_SANDBOXING = YES;
				GCC_C_LANGUAGE_STANDARD = gnu17;
				GCC_NO_COMMON_BLOCKS = YES;
				GCC_WARN_64_TO_32_BIT_CONVERSION = YES;
				GCC_WARN_ABOUT_RETURN_TYPE = YES_ERROR;
				GCC_WARN_UNDECLARED_SELECTOR = YES;
				GCC_WARN_UNINITIALIZED_AUTOS = YES_AGGRESSIVE;
				GCC_WARN_UNUSED_FUNCTION = YES;
				GCC_WARN_UNUSED_VARIABLE = YES;
				IPHONEOS_DEPLOYMENT_TARGET = 17.0;
				LOCALIZATION_PREFERS_STRING_CATALOGS = YES;
				MTL_ENABLE_DEBUG_INFO = NO;
				MTL_FAST_MATH = YES;
				SDKROOT = iphoneos;
				SWIFT_COMPILATION_MODE = wholemodule;
				VALIDATE_PRODUCT = YES;
			};
			name = Release;
		};
		CFD583B62AF0195E000949A6 /* Debug */ = {
			isa = XCBuildConfiguration;
			buildSettings = {
				ASSETCATALOG_COMPILER_APPICON_NAME = AppIcon;
				ASSETCATALOG_COMPILER_GLOBAL_ACCENT_COLOR_NAME = AccentColor;
				CODE_SIGN_STYLE = Automatic;
				CURRENT_PROJECT_VERSION = 1;
				DEVELOPMENT_TEAM = 8F9Y94ZZ8K;
				GENERATE_INFOPLIST_FILE = YES;
				INFOPLIST_FILE = NOTEme/App/Info.plist;
				INFOPLIST_KEY_CFBundleDisplayName = NOTEme;
				INFOPLIST_KEY_LSApplicationCategoryType = "public.app-category.lifestyle";
				INFOPLIST_KEY_UIApplicationSupportsIndirectInputEvents = YES;
				INFOPLIST_KEY_UILaunchStoryboardName = LaunchScreen;
				INFOPLIST_KEY_UIMainStoryboardFile = "";
				INFOPLIST_KEY_UIStatusBarStyle = UIStatusBarStyleLightContent;
				INFOPLIST_KEY_UISupportedInterfaceOrientations = UIInterfaceOrientationPortrait;
				IPHONEOS_DEPLOYMENT_TARGET = 13.0;
				LD_RUNPATH_SEARCH_PATHS = (
					"$(inherited)",
					"@executable_path/Frameworks",
				);
				MARKETING_VERSION = 1.0;
				PRODUCT_BUNDLE_IDENTIFIER = Course.NOTEme;
				PRODUCT_NAME = "$(TARGET_NAME)";
				SWIFT_EMIT_LOC_STRINGS = YES;
				SWIFT_VERSION = 5.0;
				TARGETED_DEVICE_FAMILY = "1,2";
			};
			name = Debug;
		};
		CFD583B72AF0195E000949A6 /* Release */ = {
			isa = XCBuildConfiguration;
			buildSettings = {
				ASSETCATALOG_COMPILER_APPICON_NAME = AppIcon;
				ASSETCATALOG_COMPILER_GLOBAL_ACCENT_COLOR_NAME = AccentColor;
				CODE_SIGN_STYLE = Automatic;
				CURRENT_PROJECT_VERSION = 1;
				DEVELOPMENT_TEAM = 8F9Y94ZZ8K;
				GENERATE_INFOPLIST_FILE = YES;
				INFOPLIST_FILE = NOTEme/App/Info.plist;
				INFOPLIST_KEY_CFBundleDisplayName = NOTEme;
				INFOPLIST_KEY_LSApplicationCategoryType = "public.app-category.lifestyle";
				INFOPLIST_KEY_UIApplicationSupportsIndirectInputEvents = YES;
				INFOPLIST_KEY_UILaunchStoryboardName = LaunchScreen;
				INFOPLIST_KEY_UIMainStoryboardFile = "";
				INFOPLIST_KEY_UIStatusBarStyle = UIStatusBarStyleLightContent;
				INFOPLIST_KEY_UISupportedInterfaceOrientations = UIInterfaceOrientationPortrait;
				IPHONEOS_DEPLOYMENT_TARGET = 13.0;
				LD_RUNPATH_SEARCH_PATHS = (
					"$(inherited)",
					"@executable_path/Frameworks",
				);
				MARKETING_VERSION = 1.0;
				PRODUCT_BUNDLE_IDENTIFIER = Course.NOTEme;
				PRODUCT_NAME = "$(TARGET_NAME)";
				SWIFT_EMIT_LOC_STRINGS = YES;
				SWIFT_VERSION = 5.0;
				TARGETED_DEVICE_FAMILY = "1,2";
			};
			name = Release;
		};
/* End XCBuildConfiguration section */

/* Begin XCConfigurationList section */
		CFD5839C2AF0195D000949A6 /* Build configuration list for PBXProject "NOTEme" */ = {
			isa = XCConfigurationList;
			buildConfigurations = (
				CFD583B32AF0195E000949A6 /* Debug */,
				CFD583B42AF0195E000949A6 /* Release */,
			);
			defaultConfigurationIsVisible = 0;
			defaultConfigurationName = Release;
		};
		CFD583B52AF0195E000949A6 /* Build configuration list for PBXNativeTarget "NOTEme" */ = {
			isa = XCConfigurationList;
			buildConfigurations = (
				CFD583B62AF0195E000949A6 /* Debug */,
				CFD583B72AF0195E000949A6 /* Release */,
			);
			defaultConfigurationIsVisible = 0;
			defaultConfigurationName = Release;
		};
/* End XCConfigurationList section */

/* Begin XCRemoteSwiftPackageReference section */
		CFD583BC2AF019FC000949A6 /* XCRemoteSwiftPackageReference "SnapKit" */ = {
			isa = XCRemoteSwiftPackageReference;
			repositoryURL = "https://github.com/SnapKit/SnapKit";
			requirement = {
				kind = upToNextMajorVersion;
				minimumVersion = 5.6.0;
			};
		};
/* End XCRemoteSwiftPackageReference section */

/* Begin XCSwiftPackageProductDependency section */
		CFD583BD2AF019FC000949A6 /* SnapKit */ = {
			isa = XCSwiftPackageProductDependency;
			package = CFD583BC2AF019FC000949A6 /* XCRemoteSwiftPackageReference "SnapKit" */;
			productName = SnapKit;
		};
/* End XCSwiftPackageProductDependency section */
	};
	rootObject = CFD583992AF0195D000949A6 /* Project object */;
}
